
Microsoft Visual Studio Solution File, Format Version 12.00
# Visual Studio Version 16
VisualStudioVersion = 16.0.31321.278
MinimumVisualStudioVersion = 10.0.40219.1
Project("{FAE04EC0-301F-11D3-BF4B-00C04F79EFBC}") = "DataAccess", "DataAccess\DataAccess.csproj", "{0A614CD7-0113-4CB3-9A9D-3B3959E04213}"
EndProject
Project("{FAE04EC0-301F-11D3-BF4B-00C04F79EFBC}") = "Business", "Business\Business.csproj", "{DFA3CB7E-6B1E-437E-B207-AA7A0283C6A0}"
EndProject
Project("{FAE04EC0-301F-11D3-BF4B-00C04F79EFBC}") = "Entities", "Entities\Entities.csproj", "{445BE1AB-DF40-41E3-98CC-764536195E5A}"
EndProject
Project("{FAE04EC0-301F-11D3-BF4B-00C04F79EFBC}") = "ConsoleUI", "ConsoleUI\ConsoleUI.csproj", "{68D02A81-F955-4260-9620-50C388CA880F}"
EndProject
Global
	GlobalSection(SolutionConfigurationPlatforms) = preSolution
		Debug|Any CPU = Debug|Any CPU
		Release|Any CPU = Release|Any CPU
	EndGlobalSection
	GlobalSection(ProjectConfigurationPlatforms) = postSolution
		{0A614CD7-0113-4CB3-9A9D-3B3959E04213}.Debug|Any CPU.ActiveCfg = Debug|Any CPU
		{0A614CD7-0113-4CB3-9A9D-3B3959E04213}.Debug|Any CPU.Build.0 = Debug|Any CPU
		{0A614CD7-0113-4CB3-9A9D-3B3959E04213}.Release|Any CPU.ActiveCfg = Release|Any CPU
		{0A614CD7-0113-4CB3-9A9D-3B3959E04213}.Release|Any CPU.Build.0 = Release|Any CPU
		{DFA3CB7E-6B1E-437E-B207-AA7A0283C6A0}.Debug|Any CPU.ActiveCfg = Debug|Any CPU
		{DFA3CB7E-6B1E-437E-B207-AA7A0283C6A0}.Debug|Any CPU.Build.0 = Debug|Any CPU
		{DFA3CB7E-6B1E-437E-B207-AA7A0283C6A0}.Release|Any CPU.ActiveCfg = Release|Any CPU
		{DFA3CB7E-6B1E-437E-B207-AA7A0283C6A0}.Release|Any CPU.Build.0 = Release|Any CPU
		{445BE1AB-DF40-41E3-98CC-764536195E5A}.Debug|Any CPU.ActiveCfg = Debug|Any CPU
		{445BE1AB-DF40-41E3-98CC-764536195E5A}.Debug|Any CPU.Build.0 = Debug|Any CPU
		{445BE1AB-DF40-41E3-98CC-764536195E5A}.Release|Any CPU.ActiveCfg = Release|Any CPU
		{445BE1AB-DF40-41E3-98CC-764536195E5A}.Release|Any CPU.Build.0 = Release|Any CPU
		{68D02A81-F955-4260-9620-50C388CA880F}.Debug|Any CPU.ActiveCfg = Debug|Any CPU
		{68D02A81-F955-4260-9620-50C388CA880F}.Debug|Any CPU.Build.0 = Debug|Any CPU
		{68D02A81-F955-4260-9620-50C388CA880F}.Release|Any CPU.ActiveCfg = Release|Any CPU
		{68D02A81-F955-4260-9620-50C388CA880F}.Release|Any CPU.Build.0 = Release|Any CPU
	EndGlobalSection
	GlobalSection(SolutionProperties) = preSolution
		HideSolutionNode = FALSE
	EndGlobalSection
	GlobalSection(ExtensibilityGlobals) = postSolution
		SolutionGuid = {E4B86C6D-6011-40D2-9CF1-4C9F553CAB93}
	EndGlobalSection
EndGlobal
